
Microsoft Visual Studio Solution File, Format Version 12.00
# Visual Studio Version 17
VisualStudioVersion = 17.8.34316.72
MinimumVisualStudioVersion = 10.0.40219.1
Project("{FAE04EC0-301F-11D3-BF4B-00C04F79EFBC}") = "GestorDeClientesConsoleApplication", "GestorDeClientesConsoleApplication\GestorDeClientesConsoleApplication.csproj", "{62B76B32-A2C8-4536-B8C6-6EFF8E44F787}"
EndProject
Global
	GlobalSection(SolutionConfigurationPlatforms) = preSolution
		Debug|Any CPU = Debug|Any CPU
		Release|Any CPU = Release|Any CPU
	EndGlobalSection
	GlobalSection(ProjectConfigurationPlatforms) = postSolution
		{62B76B32-A2C8-4536-B8C6-6EFF8E44F787}.Debug|Any CPU.ActiveCfg = Debug|Any CPU
		{62B76B32-A2C8-4536-B8C6-6EFF8E44F787}.Debug|Any CPU.Build.0 = Debug|Any CPU
		{62B76B32-A2C8-4536-B8C6-6EFF8E44F787}.Release|Any CPU.ActiveCfg = Release|Any CPU
		{62B76B32-A2C8-4536-B8C6-6EFF8E44F787}.Release|Any CPU.Build.0 = Release|Any CPU
	EndGlobalSection
	GlobalSection(SolutionProperties) = preSolution
		HideSolutionNode = FALSE
	EndGlobalSection
	GlobalSection(ExtensibilityGlobals) = postSolution
		SolutionGuid = {9F5FEEB2-9E98-429C-8ABB-E088E3A02AA0}
	EndGlobalSection
EndGlobal
